// !$*UTF8*$!
{
	archiveVersion = 1;
	classes = {
	};
	objectVersion = 56;
	objects = {

/* Begin PBXBuildFile section */
		873DC5022BCFB46E009595D0 /* ContentView.swift in Sources */ = {isa = PBXBuildFile; fileRef = 873DC5012BCFB46E009595D0 /* ContentView.swift */; };
		87A711942BCE4519000AA088 /* AppDelegate.swift in Sources */ = {isa = PBXBuildFile; fileRef = 87A711932BCE4519000AA088 /* AppDelegate.swift */; };
		87A711962BCE4519000AA088 /* SceneDelegate.swift in Sources */ = {isa = PBXBuildFile; fileRef = 87A711952BCE4519000AA088 /* SceneDelegate.swift */; };
		87A711982BCE4519000AA088 /* ViewController.swift in Sources */ = {isa = PBXBuildFile; fileRef = 87A711972BCE4519000AA088 /* ViewController.swift */; };
		87A7119B2BCE4519000AA088 /* Main.storyboard in Resources */ = {isa = PBXBuildFile; fileRef = 87A711992BCE4519000AA088 /* Main.storyboard */; };
		87A7119D2BCE451A000AA088 /* Assets.xcassets in Resources */ = {isa = PBXBuildFile; fileRef = 87A7119C2BCE451A000AA088 /* Assets.xcassets */; };
		87A711A02BCE451A000AA088 /* LaunchScreen.storyboard in Resources */ = {isa = PBXBuildFile; fileRef = 87A7119E2BCE451A000AA088 /* LaunchScreen.storyboard */; };
		87A711AB2BCE451A000AA088 /* InterviewTests.swift in Sources */ = {isa = PBXBuildFile; fileRef = 87A711AA2BCE451A000AA088 /* InterviewTests.swift */; };
		87A711B52BCE451A000AA088 /* InterviewUITests.swift in Sources */ = {isa = PBXBuildFile; fileRef = 87A711B42BCE451A000AA088 /* InterviewUITests.swift */; };
		87A711B72BCE451A000AA088 /* InterviewUITestsLaunchTests.swift in Sources */ = {isa = PBXBuildFile; fileRef = 87A711B62BCE451A000AA088 /* InterviewUITestsLaunchTests.swift */; };
/* End PBXBuildFile section */

/* Begin PBXContainerItemProxy section */
		87A711A72BCE451A000AA088 /* PBXContainerItemProxy */ = {
			isa = PBXContainerItemProxy;
			containerPortal = 87A711882BCE4519000AA088 /* Project object */;
			proxyType = 1;
			remoteGlobalIDString = 87A7118F2BCE4519000AA088;
			remoteInfo = Interview;
		};
		87A711B12BCE451A000AA088 /* PBXContainerItemProxy */ = {
			isa = PBXContainerItemProxy;
			containerPortal = 87A711882BCE4519000AA088 /* Project object */;
			proxyType = 1;
			remoteGlobalIDString = 87A7118F2BCE4519000AA088;
			remoteInfo = Interview;
		};
/* End PBXContainerItemProxy section */

/* Begin PBXFileReference section */
		873DC5012BCFB46E009595D0 /* ContentView.swift */ = {isa = PBXFileReference; lastKnownFileType = sourcecode.swift; path = ContentView.swift; sourceTree = "<group>"; };
		87A711902BCE4519000AA088 /* Interview.app */ = {isa = PBXFileReference; explicitFileType = wrapper.application; includeInIndex = 0; path = Interview.app; sourceTree = BUILT_PRODUCTS_DIR; };
		87A711932BCE4519000AA088 /* AppDelegate.swift */ = {isa = PBXFileReference; lastKnownFileType = sourcecode.swift; path = AppDelegate.swift; sourceTree = "<group>"; };
		87A711952BCE4519000AA088 /* SceneDelegate.swift */ = {isa = PBXFileReference; lastKnownFileType = sourcecode.swift; path = SceneDelegate.swift; sourceTree = "<group>"; };
		87A711972BCE4519000AA088 /* ViewController.swift */ = {isa = PBXFileReference; lastKnownFileType = sourcecode.swift; path = ViewController.swift; sourceTree = "<group>"; };
		87A7119A2BCE4519000AA088 /* Base */ = {isa = PBXFileReference; lastKnownFileType = file.storyboard; name = Base; path = Base.lproj/Main.storyboard; sourceTree = "<group>"; };
		87A7119C2BCE451A000AA088 /* Assets.xcassets */ = {isa = PBXFileReference; lastKnownFileType = folder.assetcatalog; path = Assets.xcassets; sourceTree = "<group>"; };
		87A7119F2BCE451A000AA088 /* Base */ = {isa = PBXFileReference; lastKnownFileType = file.storyboard; name = Base; path = Base.lproj/LaunchScreen.storyboard; sourceTree = "<group>"; };
		87A711A12BCE451A000AA088 /* Info.plist */ = {isa = PBXFileReference; lastKnownFileType = text.plist.xml; path = Info.plist; sourceTree = "<group>"; };
		87A711A62BCE451A000AA088 /* InterviewTests.xctest */ = {isa = PBXFileReference; explicitFileType = wrapper.cfbundle; includeInIndex = 0; path = InterviewTests.xctest; sourceTree = BUILT_PRODUCTS_DIR; };
		87A711AA2BCE451A000AA088 /* InterviewTests.swift */ = {isa = PBXFileReference; lastKnownFileType = sourcecode.swift; path = InterviewTests.swift; sourceTree = "<group>"; };
		87A711B02BCE451A000AA088 /* InterviewUITests.xctest */ = {isa = PBXFileReference; explicitFileType = wrapper.cfbundle; includeInIndex = 0; path = InterviewUITests.xctest; sourceTree = BUILT_PRODUCTS_DIR; };
		87A711B42BCE451A000AA088 /* InterviewUITests.swift */ = {isa = PBXFileReference; lastKnownFileType = sourcecode.swift; path = InterviewUITests.swift; sourceTree = "<group>"; };
		87A711B62BCE451A000AA088 /* InterviewUITestsLaunchTests.swift */ = {isa = PBXFileReference; lastKnownFileType = sourcecode.swift; path = InterviewUITestsLaunchTests.swift; sourceTree = "<group>"; };
/* End PBXFileReference section */

/* Begin PBXFrameworksBuildPhase section */
		87A7118D2BCE4519000AA088 /* Frameworks */ = {
			isa = PBXFrameworksBuildPhase;
			buildActionMask = 2147483647;
			files = (
			);
			runOnlyForDeploymentPostprocessing = 0;
		};
		87A711A32BCE451A000AA088 /* Frameworks */ = {
			isa = PBXFrameworksBuildPhase;
			buildActionMask = 2147483647;
			files = (
			);
			runOnlyForDeploymentPostprocessing = 0;
		};
		87A711AD2BCE451A000AA088 /* Frameworks */ = {
			isa = PBXFrameworksBuildPhase;
			buildActionMask = 2147483647;
			files = (
			);
			runOnlyForDeploymentPostprocessing = 0;
		};
/* End PBXFrameworksBuildPhase section */

/* Begin PBXGroup section */
		87A711872BCE4519000AA088 = {
			isa = PBXGroup;
			children = (
				87A711922BCE4519000AA088 /* Interview */,
				87A711A92BCE451A000AA088 /* InterviewTests */,
				87A711B32BCE451A000AA088 /* InterviewUITests */,
				87A711912BCE4519000AA088 /* Products */,
			);
			sourceTree = "<group>";
		};
		87A711912BCE4519000AA088 /* Products */ = {
			isa = PBXGroup;
			children = (
				87A711902BCE4519000AA088 /* Interview.app */,
				87A711A62BCE451A000AA088 /* InterviewTests.xctest */,
				87A711B02BCE451A000AA088 /* InterviewUITests.xctest */,
			);
			name = Products;
			sourceTree = "<group>";
		};
		87A711922BCE4519000AA088 /* Interview */ = {
			isa = PBXGroup;
			children = (
				87A711932BCE4519000AA088 /* AppDelegate.swift */,
				87A711952BCE4519000AA088 /* SceneDelegate.swift */,
				87A711972BCE4519000AA088 /* ViewController.swift */,
				87A711992BCE4519000AA088 /* Main.storyboard */,
				87A7119C2BCE451A000AA088 /* Assets.xcassets */,
				87A7119E2BCE451A000AA088 /* LaunchScreen.storyboard */,
				87A711A12BCE451A000AA088 /* Info.plist */,
				873DC5012BCFB46E009595D0 /* ContentView.swift */,
			);
			path = Interview;
			sourceTree = "<group>";
		};
		87A711A92BCE451A000AA088 /* InterviewTests */ = {
			isa = PBXGroup;
			children = (
				87A711AA2BCE451A000AA088 /* InterviewTests.swift */,
			);
			path = InterviewTests;
			sourceTree = "<group>";
		};
		87A711B32BCE451A000AA088 /* InterviewUITests */ = {
			isa = PBXGroup;
			children = (
				87A711B42BCE451A000AA088 /* InterviewUITests.swift */,
				87A711B62BCE451A000AA088 /* InterviewUITestsLaunchTests.swift */,
			);
			path = InterviewUITests;
			sourceTree = "<group>";
		};
/* End PBXGroup section */

/* Begin PBXNativeTarget section */
		87A7118F2BCE4519000AA088 /* Interview */ = {
			isa = PBXNativeTarget;
			buildConfigurationList = 87A711BA2BCE451A000AA088 /* Build configuration list for PBXNativeTarget "Interview" */;
			buildPhases = (
				87A7118C2BCE4519000AA088 /* Sources */,
				87A7118D2BCE4519000AA088 /* Frameworks */,
				87A7118E2BCE4519000AA088 /* Resources */,
			);
			buildRules = (
			);
			dependencies = (
			);
			name = Interview;
			productName = Interview;
			productReference = 87A711902BCE4519000AA088 /* Interview.app */;
			productType = "com.apple.product-type.application";
		};
		87A711A52BCE451A000AA088 /* InterviewTests */ = {
			isa = PBXNativeTarget;
			buildConfigurationList = 87A711BD2BCE451A000AA088 /* Build configuration list for PBXNativeTarget "InterviewTests" */;
			buildPhases = (
				87A711A22BCE451A000AA088 /* Sources */,
				87A711A32BCE451A000AA088 /* Frameworks */,
				87A711A42BCE451A000AA088 /* Resources */,
			);
			buildRules = (
			);
			dependencies = (
				87A711A82BCE451A000AA088 /* PBXTargetDependency */,
			);
			name = InterviewTests;
			productName = InterviewTests;
			productReference = 87A711A62BCE451A000AA088 /* InterviewTests.xctest */;
			productType = "com.apple.product-type.bundle.unit-test";
		};
		87A711AF2BCE451A000AA088 /* InterviewUITests */ = {
			isa = PBXNativeTarget;
			buildConfigurationList = 87A711C02BCE451A000AA088 /* Build configuration list for PBXNativeTarget "InterviewUITests" */;
			buildPhases = (
				87A711AC2BCE451A000AA088 /* Sources */,
				87A711AD2BCE451A000AA088 /* Frameworks */,
				87A711AE2BCE451A000AA088 /* Resources */,
			);
			buildRules = (
			);
			dependencies = (
				87A711B22BCE451A000AA088 /* PBXTargetDependency */,
			);
			name = InterviewUITests;
			productName = InterviewUITests;
			productReference = 87A711B02BCE451A000AA088 /* InterviewUITests.xctest */;
			productType = "com.apple.product-type.bundle.ui-testing";
		};
/* End PBXNativeTarget section */

/* Begin PBXProject section */
		87A711882BCE4519000AA088 /* Project object */ = {
			isa = PBXProject;
			attributes = {
				BuildIndependentTargetsInParallel = 1;
				LastSwiftUpdateCheck = 1510;
				LastUpgradeCheck = 1510;
				TargetAttributes = {
					87A7118F2BCE4519000AA088 = {
						CreatedOnToolsVersion = 15.1;
					};
					87A711A52BCE451A000AA088 = {
						CreatedOnToolsVersion = 15.1;
						TestTargetID = 87A7118F2BCE4519000AA088;
					};
					87A711AF2BCE451A000AA088 = {
						CreatedOnToolsVersion = 15.1;
						TestTargetID = 87A7118F2BCE4519000AA088;
					};
				};
			};
			buildConfigurationList = 87A7118B2BCE4519000AA088 /* Build configuration list for PBXProject "Interview" */;
			compatibilityVersion = "Xcode 14.0";
			developmentRegion = en;
			hasScannedForEncodings = 0;
			knownRegions = (
				en,
				Base,
			);
			mainGroup = 87A711872BCE4519000AA088;
			productRefGroup = 87A711912BCE4519000AA088 /* Products */;
			projectDirPath = "";
			projectRoot = "";
			targets = (
				87A7118F2BCE4519000AA088 /* Interview */,
				87A711A52BCE451A000AA088 /* InterviewTests */,
				87A711AF2BCE451A000AA088 /* InterviewUITests */,
			);
		};
/* End PBXProject section */

/* Begin PBXResourcesBuildPhase section */
		87A7118E2BCE4519000AA088 /* Resources */ = {
			isa = PBXResourcesBuildPhase;
			buildActionMask = 2147483647;
			files = (
				87A711A02BCE451A000AA088 /* LaunchScreen.storyboard in Resources */,
				87A7119D2BCE451A000AA088 /* Assets.xcassets in Resources */,
				87A7119B2BCE4519000AA088 /* Main.storyboard in Resources */,
			);
			runOnlyForDeploymentPostprocessing = 0;
		};
		87A711A42BCE451A000AA088 /* Resources */ = {
			isa = PBXResourcesBuildPhase;
			buildActionMask = 2147483647;
			files = (
			);
			runOnlyForDeploymentPostprocessing = 0;
		};
		87A711AE2BCE451A000AA088 /* Resources */ = {
			isa = PBXResourcesBuildPhase;
			buildActionMask = 2147483647;
			files = (
			);
			runOnlyForDeploymentPostprocessing = 0;
		};
/* End PBXResourcesBuildPhase section */

/* Begin PBXSourcesBuildPhase section */
		87A7118C2BCE4519000AA088 /* Sources */ = {
			isa = PBXSourcesBuildPhase;
			buildActionMask = 2147483647;
			files = (
				87A711982BCE4519000AA088 /* ViewController.swift in Sources */,
				87A711942BCE4519000AA088 /* AppDelegate.swift in Sources */,
				873DC5022BCFB46E009595D0 /* ContentView.swift in Sources */,
				87A711962BCE4519000AA088 /* SceneDelegate.swift in Sources */,
			);
			runOnlyForDeploymentPostprocessing = 0;
		};
		87A711A22BCE451A000AA088 /* Sources */ = {
			isa = PBXSourcesBuildPhase;
			buildActionMask = 2147483647;
			files = (
				87A711AB2BCE451A000AA088 /* InterviewTests.swift in Sources */,
			);
			runOnlyForDeploymentPostprocessing = 0;
		};
		87A711AC2BCE451A000AA088 /* Sources */ = {
			isa = PBXSourcesBuildPhase;
			buildActionMask = 2147483647;
			files = (
				87A711B72BCE451A000AA088 /* InterviewUITestsLaunchTests.swift in Sources */,
				87A711B52BCE451A000AA088 /* InterviewUITests.swift in Sources */,
			);
			runOnlyForDeploymentPostprocessing = 0;
		};
/* End PBXSourcesBuildPhase section */

/* Begin PBXTargetDependency section */
		87A711A82BCE451A000AA088 /* PBXTargetDependency */ = {
			isa = PBXTargetDependency;
			target = 87A7118F2BCE4519000AA088 /* Interview */;
			targetProxy = 87A711A72BCE451A000AA088 /* PBXContainerItemProxy */;
		};
		87A711B22BCE451A000AA088 /* PBXTargetDependency */ = {
			isa = PBXTargetDependency;
			target = 87A7118F2BCE4519000AA088 /* Interview */;
			targetProxy = 87A711B12BCE451A000AA088 /* PBXContainerItemProxy */;
		};
/* End PBXTargetDependency section */

/* Begin PBXVariantGroup section */
		87A711992BCE4519000AA088 /* Main.storyboard */ = {
			isa = PBXVariantGroup;
			children = (
				87A7119A2BCE4519000AA088 /* Base */,
			);
			name = Main.storyboard;
			sourceTree = "<group>";
		};
		87A7119E2BCE451A000AA088 /* LaunchScreen.storyboard */ = {
			isa = PBXVariantGroup;
			children = (
				87A7119F2BCE451A000AA088 /* Base */,
			);
			name = LaunchScreen.storyboard;
			sourceTree = "<group>";
		};
/* End PBXVariantGroup section */

/* Begin XCBuildConfiguration section */
		87A711B82BCE451A000AA088 /* Debug */ = {
			isa = XCBuildConfiguration;
			buildSettings = {
				ALWAYS_SEARCH_USER_PATHS = NO;
				ASSETCATALOG_COMPILER_GENERATE_SWIFT_ASSET_SYMBOL_EXTENSIONS = YES;
				CLANG_ANALYZER_NONNULL = YES;
				CLANG_ANALYZER_NUMBER_OBJECT_CONVERSION = YES_AGGRESSIVE;
				CLANG_CXX_LANGUAGE_STANDARD = "gnu++20";
				CLANG_ENABLE_MODULES = YES;
				CLANG_ENABLE_OBJC_ARC = YES;
				CLANG_ENABLE_OBJC_WEAK = YES;
				CLANG_WARN_BLOCK_CAPTURE_AUTORELEASING = YES;
				CLANG_WARN_BOOL_CONVERSION = YES;
				CLANG_WARN_COMMA = YES;
				CLANG_WARN_CONSTANT_CONVERSION = YES;
				CLANG_WARN_DEPRECATED_OBJC_IMPLEMENTATIONS = YES;
				CLANG_WARN_DIRECT_OBJC_ISA_USAGE = YES_ERROR;
				CLANG_WARN_DOCUMENTATION_COMMENTS = YES;
				CLANG_WARN_EMPTY_BODY = YES;
				CLANG_WARN_ENUM_CONVERSION = YES;
				CLANG_WARN_INFINITE_RECURSION = YES;
				CLANG_WARN_INT_CONVERSION = YES;
				CLANG_WARN_NON_LITERAL_NULL_CONVERSION = YES;
				CLANG_WARN_OBJC_IMPLICIT_RETAIN_SELF = YES;
				CLANG_WARN_OBJC_LITERAL_CONVERSION = YES;
				CLANG_WARN_OBJC_ROOT_CLASS = YES_ERROR;
				CLANG_WARN_QUOTED_INCLUDE_IN_FRAMEWORK_HEADER = YES;
				CLANG_WARN_RANGE_LOOP_ANALYSIS = YES;
				CLANG_WARN_STRICT_PROTOTYPES = YES;
				CLANG_WARN_SUSPICIOUS_MOVE = YES;
				CLANG_WARN_UNGUARDED_AVAILABILITY = YES_AGGRESSIVE;
				CLANG_WARN_UNREACHABLE_CODE = YES;
				CLANG_WARN__DUPLICATE_METHOD_MATCH = YES;
				COPY_PHASE_STRIP = NO;
				DEBUG_INFORMATION_FORMAT = dwarf;
				ENABLE_STRICT_OBJC_MSGSEND = YES;
				ENABLE_TESTABILITY = YES;
				ENABLE_USER_SCRIPT_SANDBOXING = YES;
				GCC_C_LANGUAGE_STANDARD = gnu17;
				GCC_DYNAMIC_NO_PIC = NO;
				GCC_NO_COMMON_BLOCKS = YES;
				GCC_OPTIMIZATION_LEVEL = 0;
				GCC_PREPROCESSOR_DEFINITIONS = (
					"DEBUG=1",
					"$(inherited)",
				);
				GCC_WARN_64_TO_32_BIT_CONVERSION = YES;
				GCC_WARN_ABOUT_RETURN_TYPE = YES_ERROR;
				GCC_WARN_UNDECLARED_SELECTOR = YES;
				GCC_WARN_UNINITIALIZED_AUTOS = YES_AGGRESSIVE;
				GCC_WARN_UNUSED_FUNCTION = YES;
				GCC_WARN_UNUSED_VARIABLE = YES;
				IPHONEOS_DEPLOYMENT_TARGET = 17.2;
				LOCALIZATION_PREFERS_STRING_CATALOGS = YES;
				MTL_ENABLE_DEBUG_INFO = INCLUDE_SOURCE;
				MTL_FAST_MATH = YES;
				ONLY_ACTIVE_ARCH = YES;
				SDKROOT = iphoneos;
				SWIFT_ACTIVE_COMPILATION_CONDITIONS = "DEBUG $(inherited)";
				SWIFT_OPTIMIZATION_LEVEL = "-Onone";
			};
			name = Debug;
		};
		87A711B92BCE451A000AA088 /* Release */ = {
			isa = XCBuildConfiguration;
			buildSettings = {
				ALWAYS_SEARCH_USER_PATHS = NO;
				ASSETCATALOG_COMPILER_GENERATE_SWIFT_ASSET_SYMBOL_EXTENSIONS = YES;
				CLANG_ANALYZER_NONNULL = YES;
				CLANG_ANALYZER_NUMBER_OBJECT_CONVERSION = YES_AGGRESSIVE;
				CLANG_CXX_LANGUAGE_STANDARD = "gnu++20";
				CLANG_ENABLE_MODULES = YES;
				CLANG_ENABLE_OBJC_ARC = YES;
				CLANG_ENABLE_OBJC_WEAK = YES;
				CLANG_WARN_BLOCK_CAPTURE_AUTORELEASING = YES;
				CLANG_WARN_BOOL_CONVERSION = YES;
				CLANG_WARN_COMMA = YES;
				CLANG_WARN_CONSTANT_CONVERSION = YES;
				CLANG_WARN_DEPRECATED_OBJC_IMPLEMENTATIONS = YES;
				CLANG_WARN_DIRECT_OBJC_ISA_USAGE = YES_ERROR;
				CLANG_WARN_DOCUMENTATION_COMMENTS = YES;
				CLANG_WARN_EMPTY_BODY = YES;
				CLANG_WARN_ENUM_CONVERSION = YES;
				CLANG_WARN_INFINITE_RECURSION = YES;
				CLANG_WARN_INT_CONVERSION = YES;
				CLANG_WARN_NON_LITERAL_NULL_CONVERSION = YES;
				CLANG_WARN_OBJC_IMPLICIT_RETAIN_SELF = YES;
				CLANG_WARN_OBJC_LITERAL_CONVERSION = YES;
				CLANG_WARN_OBJC_ROOT_CLASS = YES_ERROR;
				CLANG_WARN_QUOTED_INCLUDE_IN_FRAMEWORK_HEADER = YES;
				CLANG_WARN_RANGE_LOOP_ANALYSIS = YES;
				CLANG_WARN_STRICT_PROTOTYPES = YES;
				CLANG_WARN_SUSPICIOUS_MOVE = YES;
				CLANG_WARN_UNGUARDED_AVAILABILITY = YES_AGGRESSIVE;
				CLANG_WARN_UNREACHABLE_CODE = YES;
				CLANG_WARN__DUPLICATE_METHOD_MATCH = YES;
				COPY_PHASE_STRIP = NO;
				DEBUG_INFORMATION_FORMAT = "dwarf-with-dsym";
				ENABLE_NS_ASSERTIONS = NO;
				ENABLE_STRICT_OBJC_MSGSEND = YES;
				ENABLE_USER_SCRIPT_SANDBOXING = YES;
				GCC_C_LANGUAGE_STANDARD = gnu17;
				GCC_NO_COMMON_BLOCKS = YES;
				GCC_WARN_64_TO_32_BIT_CONVERSION = YES;
				GCC_WARN_ABOUT_RETURN_TYPE = YES_ERROR;
				GCC_WARN_UNDECLARED_SELECTOR = YES;
				GCC_WARN_UNINITIALIZED_AUTOS = YES_AGGRESSIVE;
				GCC_WARN_UNUSED_FUNCTION = YES;
				GCC_WARN_UNUSED_VARIABLE = YES;
				IPHONEOS_DEPLOYMENT_TARGET = 17.2;
				LOCALIZATION_PREFERS_STRING_CATALOGS = YES;
				MTL_ENABLE_DEBUG_INFO = NO;
				MTL_FAST_MATH = YES;
				SDKROOT = iphoneos;
				SWIFT_COMPILATION_MODE = wholemodule;
				VALIDATE_PRODUCT = YES;
			};
			name = Release;
		};
		87A711BB2BCE451A000AA088 /* Debug */ = {
			isa = XCBuildConfiguration;
			buildSettings = {
				ASSETCATALOG_COMPILER_APPICON_NAME = AppIcon;
				ASSETCATALOG_COMPILER_GLOBAL_ACCENT_COLOR_NAME = AccentColor;
				CODE_SIGN_STYLE = Automatic;
				CURRENT_PROJECT_VERSION = 1;
				DEVELOPMENT_TEAM = X9S6S238S5;
				GENERATE_INFOPLIST_FILE = YES;
				INFOPLIST_FILE = Interview/Info.plist;
				INFOPLIST_KEY_UIApplicationSupportsIndirectInputEvents = YES;
				INFOPLIST_KEY_UILaunchStoryboardName = LaunchScreen;
				INFOPLIST_KEY_UIMainStoryboardFile = Main;
				INFOPLIST_KEY_UISupportedInterfaceOrientations_iPad = "UIInterfaceOrientationPortrait UIInterfaceOrientationPortraitUpsideDown UIInterfaceOrientationLandscapeLeft UIInterfaceOrientationLandscapeRight";
				INFOPLIST_KEY_UISupportedInterfaceOrientations_iPhone = "UIInterfaceOrientationPortrait UIInterfaceOrientationLandscapeLeft UIInterfaceOrientationLandscapeRight";
				LD_RUNPATH_SEARCH_PATHS = (
					"$(inherited)",
					"@executable_path/Frameworks",
				);
				MARKETING_VERSION = 1.0;
				PRODUCT_BUNDLE_IDENTIFIER = "com.-SampleSwiftUI.Interview";
				PRODUCT_NAME = "$(TARGET_NAME)";
				SWIFT_EMIT_LOC_STRINGS = YES;
				SWIFT_VERSION = 5.0;
				TARGETED_DEVICE_FAMILY = "1,2";
			};
			name = Debug;
		};
		87A711BC2BCE451A000AA088 /* Release */ = {
			isa = XCBuildConfiguration;
			buildSettings = {
				ASSETCATALOG_COMPILER_APPICON_NAME = AppIcon;
				ASSETCATALOG_COMPILER_GLOBAL_ACCENT_COLOR_NAME = AccentColor;
				CODE_SIGN_STYLE = Automatic;
				CURRENT_PROJECT_VERSION = 1;
				DEVELOPMENT_TEAM = X9S6S238S5;
				GENERATE_INFOPLIST_FILE = YES;
				INFOPLIST_FILE = Interview/Info.plist;
				INFOPLIST_KEY_UIApplicationSupportsIndirectInputEvents = YES;
				INFOPLIST_KEY_UILaunchStoryboardName = LaunchScreen;
				INFOPLIST_KEY_UIMainStoryboardFile = Main;
				INFOPLIST_KEY_UISupportedInterfaceOrientations_iPad = "UIInterfaceOrientationPortrait UIInterfaceOrientationPortraitUpsideDown UIInterfaceOrientationLandscapeLeft UIInterfaceOrientationLandscapeRight";
				INFOPLIST_KEY_UISupportedInterfaceOrientations_iPhone = "UIInterfaceOrientationPortrait UIInterfaceOrientationLandscapeLeft UIInterfaceOrientationLandscapeRight";
				LD_RUNPATH_SEARCH_PATHS = (
					"$(inherited)",
					"@executable_path/Frameworks",
				);
				MARKETING_VERSION = 1.0;
				PRODUCT_BUNDLE_IDENTIFIER = "com.-SampleSwiftUI.Interview";
				PRODUCT_NAME = "$(TARGET_NAME)";
				SWIFT_EMIT_LOC_STRINGS = YES;
				SWIFT_VERSION = 5.0;
				TARGETED_DEVICE_FAMILY = "1,2";
			};
			name = Release;
		};
		87A711BE2BCE451A000AA088 /* Debug */ = {
			isa = XCBuildConfiguration;
			buildSettings = {
				ALWAYS_EMBED_SWIFT_STANDARD_LIBRARIES = YES;
				BUNDLE_LOADER = "$(TEST_HOST)";
				CODE_SIGN_STYLE = Automatic;
				CURRENT_PROJECT_VERSION = 1;
				GENERATE_INFOPLIST_FILE = YES;
				IPHONEOS_DEPLOYMENT_TARGET = 17.2;
				MARKETING_VERSION = 1.0;
				PRODUCT_BUNDLE_IDENTIFIER = "com.-SampleSwiftUI.InterviewTests";
				PRODUCT_NAME = "$(TARGET_NAME)";
				SWIFT_EMIT_LOC_STRINGS = NO;
				SWIFT_VERSION = 5.0;
				TARGETED_DEVICE_FAMILY = "1,2";
				TEST_HOST = "$(BUILT_PRODUCTS_DIR)/Interview.app/$(BUNDLE_EXECUTABLE_FOLDER_PATH)/Interview";
			};
			name = Debug;
		};
		87A711BF2BCE451A000AA088 /* Release */ = {
			isa = XCBuildConfiguration;
			buildSettings = {
				ALWAYS_EMBED_SWIFT_STANDARD_LIBRARIES = YES;
				BUNDLE_LOADER = "$(TEST_HOST)";
				CODE_SIGN_STYLE = Automatic;
				CURRENT_PROJECT_VERSION = 1;
				GENERATE_INFOPLIST_FILE = YES;
				IPHONEOS_DEPLOYMENT_TARGET = 17.2;
				MARKETING_VERSION = 1.0;
				PRODUCT_BUNDLE_IDENTIFIER = "com.-SampleSwiftUI.InterviewTests";
				PRODUCT_NAME = "$(TARGET_NAME)";
				SWIFT_EMIT_LOC_STRINGS = NO;
				SWIFT_VERSION = 5.0;
				TARGETED_DEVICE_FAMILY = "1,2";
				TEST_HOST = "$(BUILT_PRODUCTS_DIR)/Interview.app/$(BUNDLE_EXECUTABLE_FOLDER_PATH)/Interview";
			};
			name = Release;
		};
		87A711C12BCE451A000AA088 /* Debug */ = {
			isa = XCBuildConfiguration;
			buildSettings = {
				ALWAYS_EMBED_SWIFT_STANDARD_LIBRARIES = YES;
				CODE_SIGN_STYLE = Automatic;
				CURRENT_PROJECT_VERSION = 1;
				GENERATE_INFOPLIST_FILE = YES;
				MARKETING_VERSION = 1.0;
				PRODUCT_BUNDLE_IDENTIFIER = "com.-SampleSwiftUI.InterviewUITests";
				PRODUCT_NAME = "$(TARGET_NAME)";
				SWIFT_EMIT_LOC_STRINGS = NO;
				SWIFT_VERSION = 5.0;
				TARGETED_DEVICE_FAMILY = "1,2";
				TEST_TARGET_NAME = Interview;
			};
			name = Debug;
		};
		87A711C22BCE451A000AA088 /* Release */ = {
			isa = XCBuildConfiguration;
			buildSettings = {
				ALWAYS_EMBED_SWIFT_STANDARD_LIBRARIES = YES;
				CODE_SIGN_STYLE = Automatic;
				CURRENT_PROJECT_VERSION = 1;
				GENERATE_INFOPLIST_FILE = YES;
				MARKETING_VERSION = 1.0;
				PRODUCT_BUNDLE_IDENTIFIER = "com.-SampleSwiftUI.InterviewUITests";
				PRODUCT_NAME = "$(TARGET_NAME)";
				SWIFT_EMIT_LOC_STRINGS = NO;
				SWIFT_VERSION = 5.0;
				TARGETED_DEVICE_FAMILY = "1,2";
				TEST_TARGET_NAME = Interview;
			};
			name = Release;
		};
/* End XCBuildConfiguration section */

/* Begin XCConfigurationList section */
		87A7118B2BCE4519000AA088 /* Build configuration list for PBXProject "Interview" */ = {
			isa = XCConfigurationList;
			buildConfigurations = (
				87A711B82BCE451A000AA088 /* Debug */,
				87A711B92BCE451A000AA088 /* Release */,
			);
			defaultConfigurationIsVisible = 0;
			defaultConfigurationName = Release;
		};
		87A711BA2BCE451A000AA088 /* Build configuration list for PBXNativeTarget "Interview" */ = {
			isa = XCConfigurationList;
			buildConfigurations = (
				87A711BB2BCE451A000AA088 /* Debug */,
				87A711BC2BCE451A000AA088 /* Release */,
			);
			defaultConfigurationIsVisible = 0;
			defaultConfigurationName = Release;
		};
		87A711BD2BCE451A000AA088 /* Build configuration list for PBXNativeTarget "InterviewTests" */ = {
			isa = XCConfigurationList;
			buildConfigurations = (
				87A711BE2BCE451A000AA088 /* Debug */,
				87A711BF2BCE451A000AA088 /* Release */,
			);
			defaultConfigurationIsVisible = 0;
			defaultConfigurationName = Release;
		};
		87A711C02BCE451A000AA088 /* Build configuration list for PBXNativeTarget "InterviewUITests" */ = {
			isa = XCConfigurationList;
			buildConfigurations = (
				87A711C12BCE451A000AA088 /* Debug */,
				87A711C22BCE451A000AA088 /* Release */,
			);
			defaultConfigurationIsVisible = 0;
			defaultConfigurationName = Release;
		};
/* End XCConfigurationList section */
	};
	rootObject = 87A711882BCE4519000AA088 /* Project object */;
}
